---
lockfileVersion: '9.0'

importers:

  .:
    configDependencies: {}
    packageManagerDependencies:
      '@pnpm/exe':
        specifier: ^11.5.2
        version: 11.5.2
      pnpm:
        specifier: ^11.5.2
        version: 11.5.2

packages:

  '@pnpm/exe@11.5.2':
    resolution: {integrity: sha512-4UFnP2rhNu1xjAQ+I1GdIUUEtCJuTYJlbpiWSFA4POAID3Lpt+2vrjImWO7eOJ7iCY3vpc4TFe2IW3sAolW4Kg==}
    hasBin: true

  '@pnpm/linux-arm64@11.5.2':
    resolution: {integrity: sha512-MbJySnu2y9cCBqlODLjUlZ87JnRC3Inq40rvGHWJSrSQ0PnuHeSw2NDMnLI8Hf9hCY+ooussRc5iiR4IAkjUvg==}
    cpu: [arm64]
    os: [linux]

  '@pnpm/linux-x64@11.5.2':
    resolution: {integrity: sha512-g6g2BGpQA47wUACy6B1MdeSHPtnl6x4AeCg0IOWQ7xXorEtC+VRiSHhLpA5kByFGeSwyYh/nLc7mLul5DAaELw==}
    cpu: [x64]
    os: [linux]

  '@pnpm/linuxstatic-arm64@11.5.2':
    resolution: {integrity: sha512-xTxs9BLxYW39BPNGnmvYCUBnMPWm4mzmzujmdYbpRxDnBXrx55qPR5K/3LSohX7VrmsdDrYxuH6AmG1AaOlIfA==}
    cpu: [arm64]
    os: [linux]
    libc: [musl]

  '@pnpm/linuxstatic-x64@11.5.2':
    resolution: {integrity: sha512-RGmmc/SoGLD90gmOHcU85UEKNoNRstLvizli4wzDASmETz/VeqJOqU5nD1YBgjzcP72sUMS352dh4bmzTfKyvQ==}
    cpu: [x64]
    os: [linux]
    libc: [musl]

  '@pnpm/macos-arm64@11.5.2':
    resolution: {integrity: sha512-gW3A2jRlC3SJRw8qX2SAzjMIu9o98daTSqCKzeeYcjF/uEbtbz3dn4HqYrYffBnenKbc4hsgZQmNOHAvUKIlSg==}
    cpu: [arm64]
    os: [darwin]

  '@pnpm/win-arm64@11.5.2':
    resolution: {integrity: sha512-+VJCDoH/pRzLXBikwjvxgAnGfQufT8EALBX8cfSmrwD40JABUZvgPtjBjde7OwEoK/XwtlH8w+ZceFV0K3/YHQ==}
    cpu: [arm64]
    os: [win32]

  '@pnpm/win-x64@11.5.2':
    resolution: {integrity: sha512-zgglREh75RbFgV/E0tNRS03ElX+hJOV43KRSSeaboxtj3ei1rrguxOgOCXUs/GsizoHVsuD+qXGABE4Kc4GMCg==}
    cpu: [x64]
    os: [win32]

  '@reflink/reflink-darwin-arm64@0.1.19':
    resolution: {integrity: sha512-ruy44Lpepdk1FqDz38vExBY/PVUsjxZA+chd9wozjUH9JjuDT/HEaQYA6wYN9mf041l0yLVar6BCZuWABJvHSA==}
    engines: {node: '>= 10'}
    cpu: [arm64]
    os: [darwin]

  '@reflink/reflink-darwin-x64@0.1.19':
    resolution: {integrity: sha512-By85MSWrMZa+c26TcnAy8SDk0sTUkYlNnwknSchkhHpGXOtjNDUOxJE9oByBnGbeuIE1PiQsxDG3Ud+IVV9yuA==}
    engines: {node: '>= 10'}
    cpu: [x64]
    os: [darwin]

  '@reflink/reflink-linux-arm64-gnu@0.1.19':
    resolution: {integrity: sha512-7P+er8+rP9iNeN+bfmccM4hTAaLP6PQJPKWSA4iSk2bNvo6KU6RyPgYeHxXmzNKzPVRcypZQTpFgstHam6maVg==}
    engines: {node: '>= 10'}
    cpu: [arm64]
    os: [linux]
    libc: [glibc]

  '@reflink/reflink-linux-arm64-musl@0.1.19':
    resolution: {integrity: sha512-37iO/Dp6m5DDaC2sf3zPtx/hl9FV3Xze4xoYidrxxS9bgP3S8ALroxRK6xBG/1TtfXKTvolvp+IjrUU6ujIGmA==}
    engines: {node: '>= 10'}
    cpu: [arm64]
    os: [linux]
    libc: [musl]

  '@reflink/reflink-linux-x64-gnu@0.1.19':
    resolution: {integrity: sha512-jbI8jvuYCaA3MVUdu8vLoLAFqC+iNMpiSuLbxlAgg7x3K5bsS8nOpTRnkLF7vISJ+rVR8W+7ThXlXlUQ93ulkw==}
    engines: {node: '>= 10'}
    cpu: [x64]
    os: [linux]
    libc: [glibc]

  '@reflink/reflink-linux-x64-musl@0.1.19':
    resolution: {integrity: sha512-e9FBWDe+lv7QKAwtKOt6A2W/fyy/aEEfr0g6j/hWzvQcrzHCsz07BNQYlNOjTfeytrtLU7k449H1PI95jA4OjQ==}
    engines: {node: '>= 10'}
    cpu: [x64]
    os: [linux]
    libc: [musl]

  '@reflink/reflink-win32-arm64-msvc@0.1.19':
    resolution: {integrity: sha512-09PxnVIQcd+UOn4WAW73WU6PXL7DwGS6wPlkMhMg2zlHHG65F3vHepOw06HFCq+N42qkaNAc8AKIabWvtk6cIQ==}
    engines: {node: '>= 10'}
    cpu: [arm64]
    os: [win32]

  '@reflink/reflink-win32-x64-msvc@0.1.19':
    resolution: {integrity: sha512-E//yT4ni2SyhwP8JRjVGWr3cbnhWDiPLgnQ66qqaanjjnMiu3O/2tjCPQXlcGc/DEYofpDc9fvhv6tALQsMV9w==}
    engines: {node: '>= 10'}
    cpu: [x64]
    os: [win32]

  '@reflink/reflink@0.1.19':
    resolution: {integrity: sha512-DmCG8GzysnCZ15bres3N5AHCmwBwYgp0As6xjhQ47rAUTUXxJiK+lLUxaGsX3hd/30qUpVElh05PbGuxRPgJwA==}
    engines: {node: '>= 10'}

  detect-libc@2.1.2:
    resolution: {integrity: sha512-Btj2BOOO83o3WyH59e8MgXsxEQVcarkUOpEYrubB0urwnN10yQ364rsiByU11nZlqWYZm05i/of7io4mzihBtQ==}
    engines: {node: '>=8'}

  pnpm@11.5.2:
    resolution: {integrity: sha512-ccYx44IGbvwlYl1c8CkHXeB7YbN/bic1D72Esb2lhkyMGWetwoB3a0XDCnFcA1mjvgj+9C1bsJ4rmQKZeWkpFg==}
    engines: {node: '>=22.13'}
    hasBin: true

snapshots:

  '@pnpm/exe@11.5.2':
    dependencies:
      '@reflink/reflink': 0.1.19
      detect-libc: 2.1.2
    optionalDependencies:
      '@pnpm/linux-arm64': 11.5.2
      '@pnpm/linux-x64': 11.5.2
      '@pnpm/linuxstatic-arm64': 11.5.2
      '@pnpm/linuxstatic-x64': 11.5.2
      '@pnpm/macos-arm64': 11.5.2
      '@pnpm/win-arm64': 11.5.2
      '@pnpm/win-x64': 11.5.2

  '@pnpm/linux-arm64@11.5.2':
    optional: true

  '@pnpm/linux-x64@11.5.2':
    optional: true

  '@pnpm/linuxstatic-arm64@11.5.2':
    optional: true

  '@pnpm/linuxstatic-x64@11.5.2':
    optional: true

  '@pnpm/macos-arm64@11.5.2':
    optional: true

  '@pnpm/win-arm64@11.5.2':
    optional: true

  '@pnpm/win-x64@11.5.2':
    optional: true

  '@reflink/reflink-darwin-arm64@0.1.19':
    optional: true

  '@reflink/reflink-darwin-x64@0.1.19':
    optional: true

  '@reflink/reflink-linux-arm64-gnu@0.1.19':
    optional: true

  '@reflink/reflink-linux-arm64-musl@0.1.19':
    optional: true

  '@reflink/reflink-linux-x64-gnu@0.1.19':
    optional: true

  '@reflink/reflink-linux-x64-musl@0.1.19':
    optional: true

  '@reflink/reflink-win32-arm64-msvc@0.1.19':
    optional: true

  '@reflink/reflink-win32-x64-msvc@0.1.19':
    optional: true

  '@reflink/reflink@0.1.19':
    optionalDependencies:
      '@reflink/reflink-darwin-arm64': 0.1.19
      '@reflink/reflink-darwin-x64': 0.1.19
      '@reflink/reflink-linux-arm64-gnu': 0.1.19
      '@reflink/reflink-linux-arm64-musl': 0.1.19
      '@reflink/reflink-linux-x64-gnu': 0.1.19
      '@reflink/reflink-linux-x64-musl': 0.1.19
      '@reflink/reflink-win32-arm64-msvc': 0.1.19
      '@reflink/reflink-win32-x64-msvc': 0.1.19

  detect-libc@2.1.2: {}

  pnpm@11.5.2: {}

---
lockfileVersion: '9.0'

settings:
  autoInstallPeers: true
  excludeLinksFromLockfile: false

importers:

  .:
    devDependencies:
      '@rspack/cli':
        specifier: ^2.0.6
        version: 2.0.6(@rspack/core@2.0.6(@swc/helpers@0.5.23))
      '@rspack/core':
        specifier: ^2.0.6
        version: 2.0.6(@swc/helpers@0.5.23)
      prettier:
        specifier: ^3.8.3
        version: 3.8.3
      sass-embedded:
        specifier: ^1.100.0
        version: 1.100.0
      sass-loader:
        specifier: ^17.0.0
        version: 17.0.0(@rspack/core@2.0.6(@swc/helpers@0.5.23))(sass-embedded@1.100.0)(sass@1.100.0)

packages:

  '@bufbuild/protobuf@2.12.0':
    resolution: {integrity: sha512-B/XlCaFIP8LOwzo+bz5uFzATYokcwCKQcghqnlfwSmM5eX/qTkvDBnDPs+gXtX/RyjxJ4DRikECcPJbyALA8FA==}

  '@emnapi/core@1.10.0':
    resolution: {integrity: sha512-yq6OkJ4p82CAfPl0u9mQebQHKPJkY7WrIuk205cTYnYe+k2Z8YBh11FrbRG/H6ihirqcacOgl2BIO8oyMQLeXw==}

  '@emnapi/runtime@1.10.0':
    resolution: {integrity: sha512-ewvYlk86xUoGI0zQRNq/mC+16R1QeDlKQy21Ki3oSYXNgLb45GV1P6A0M+/s6nyCuNDqe5VpaY84BzXGwVbwFA==}

  '@emnapi/wasi-threads@1.2.1':
    resolution: {integrity: sha512-uTII7OYF+/Mes/MrcIOYp5yOtSMLBWSIoLPpcgwipoiKbli6k322tcoFsxoIIxPDqW01SQGAgko4EzZi2BNv2w==}

  '@napi-rs/wasm-runtime@1.1.4':
    resolution: {integrity: sha512-3NQNNgA1YSlJb/kMH1ildASP9HW7/7kYnRI2szWJaofaS1hWmbGI4H+d3+22aGzXXN9IJ+n+GiFVcGipJP18ow==}
    peerDependencies:
      '@emnapi/core': ^1.7.1
      '@emnapi/runtime': ^1.7.1

  '@parcel/watcher-android-arm64@2.5.6':
    resolution: {integrity: sha512-YQxSS34tPF/6ZG7r/Ih9xy+kP/WwediEUsqmtf0cuCV5TPPKw/PQHRhueUo6JdeFJaqV3pyjm0GdYjZotbRt/A==}
    engines: {node: '>= 10.0.0'}
    cpu: [arm64]
    os: [android]

  '@parcel/watcher-darwin-arm64@2.5.6':
    resolution: {integrity: sha512-Z2ZdrnwyXvvvdtRHLmM4knydIdU9adO3D4n/0cVipF3rRiwP+3/sfzpAwA/qKFL6i1ModaabkU7IbpeMBgiVEA==}
    engines: {node: '>= 10.0.0'}
    cpu: [arm64]
    os: [darwin]

  '@parcel/watcher-darwin-x64@2.5.6':
    resolution: {integrity: sha512-HgvOf3W9dhithcwOWX9uDZyn1lW9R+7tPZ4sug+NGrGIo4Rk1hAXLEbcH1TQSqxts0NYXXlOWqVpvS1SFS4fRg==}
    engines: {node: '>= 10.0.0'}
    cpu: [x64]
    os: [darwin]

  '@parcel/watcher-freebsd-x64@2.5.6':
    resolution: {integrity: sha512-vJVi8yd/qzJxEKHkeemh7w3YAn6RJCtYlE4HPMoVnCpIXEzSrxErBW5SJBgKLbXU3WdIpkjBTeUNtyBVn8TRng==}
    engines: {node: '>= 10.0.0'}
    cpu: [x64]
    os: [freebsd]

  '@parcel/watcher-linux-arm-glibc@2.5.6':
    resolution: {integrity: sha512-9JiYfB6h6BgV50CCfasfLf/uvOcJskMSwcdH1PHH9rvS1IrNy8zad6IUVPVUfmXr+u+Km9IxcfMLzgdOudz9EQ==}
    engines: {node: '>= 10.0.0'}
    cpu: [arm]
    os: [linux]
    libc: [glibc]

  '@parcel/watcher-linux-arm-musl@2.5.6':
    resolution: {integrity: sha512-Ve3gUCG57nuUUSyjBq/MAM0CzArtuIOxsBdQ+ftz6ho8n7s1i9E1Nmk/xmP323r2YL0SONs1EuwqBp2u1k5fxg==}
    engines: {node: '>= 10.0.0'}
    cpu: [arm]
    os: [linux]
    libc: [musl]

  '@parcel/watcher-linux-arm64-glibc@2.5.6':
    resolution: {integrity: sha512-f2g/DT3NhGPdBmMWYoxixqYr3v/UXcmLOYy16Bx0TM20Tchduwr4EaCbmxh1321TABqPGDpS8D/ggOTaljijOA==}
    engines: {node: '>= 10.0.0'}
    cpu: [arm64]
    os: [linux]
    libc: [glibc]

  '@parcel/watcher-linux-arm64-musl@2.5.6':
    resolution: {integrity: sha512-qb6naMDGlbCwdhLj6hgoVKJl2odL34z2sqkC7Z6kzir8b5W65WYDpLB6R06KabvZdgoHI/zxke4b3zR0wAbDTA==}
    engines: {node: '>= 10.0.0'}
    cpu: [arm64]
    os: [linux]
    libc: [musl]

  '@parcel/watcher-linux-x64-glibc@2.5.6':
    resolution: {integrity: sha512-kbT5wvNQlx7NaGjzPFu8nVIW1rWqV780O7ZtkjuWaPUgpv2NMFpjYERVi0UYj1msZNyCzGlaCWEtzc+exjMGbQ==}
    engines: {node: '>= 10.0.0'}
    cpu: [x64]
    os: [linux]
    libc: [glibc]

  '@parcel/watcher-linux-x64-musl@2.5.6':
    resolution: {integrity: sha512-1JRFeC+h7RdXwldHzTsmdtYR/Ku8SylLgTU/reMuqdVD7CtLwf0VR1FqeprZ0eHQkO0vqsbvFLXUmYm/uNKJBg==}
    engines: {node: '>= 10.0.0'}
    cpu: [x64]
    os: [linux]
    libc: [musl]

  '@parcel/watcher-win32-arm64@2.5.6':
    resolution: {integrity: sha512-3ukyebjc6eGlw9yRt678DxVF7rjXatWiHvTXqphZLvo7aC5NdEgFufVwjFfY51ijYEWpXbqF5jtrK275z52D4Q==}
    engines: {node: '>= 10.0.0'}
    cpu: [arm64]
    os: [win32]

  '@parcel/watcher-win32-ia32@2.5.6':
    resolution: {integrity: sha512-k35yLp1ZMwwee3Ez/pxBi5cf4AoBKYXj00CZ80jUz5h8prpiaQsiRPKQMxoLstNuqe2vR4RNPEAEcjEFzhEz/g==}
    engines: {node: '>= 10.0.0'}
    cpu: [ia32]
    os: [win32]

  '@parcel/watcher-win32-x64@2.5.6':
    resolution: {integrity: sha512-hbQlYcCq5dlAX9Qx+kFb0FHue6vbjlf0FrNzSKdYK2APUf7tGfGxQCk2ihEREmbR6ZMc0MVAD5RIX/41gpUzTw==}
    engines: {node: '>= 10.0.0'}
    cpu: [x64]
    os: [win32]

  '@parcel/watcher@2.5.6':
    resolution: {integrity: sha512-tmmZ3lQxAe/k/+rNnXQRawJ4NjxO2hqiOLTHvWchtGZULp4RyFeh6aU4XdOYBFe2KE1oShQTv4AblOs2iOrNnQ==}
    engines: {node: '>= 10.0.0'}

  '@rspack/binding-darwin-arm64@2.0.6':
    resolution: {integrity: sha512-0giCKiWlBfcM4i2scv1j2k9HlSecO9Ybhaa5wsMUyvcFeKr9HbNHh7C2eDFlC6zaI85IUdY71TXF/g/Tcxr9MA==}
    cpu: [arm64]
    os: [darwin]

  '@rspack/binding-darwin-x64@2.0.6':
    resolution: {integrity: sha512-/mMo2IpI02aOKMlHbVbZue3TJxFqHGX+ibVTdEO+6bzRSuHs7+R9KM5U3XH2YxcWJy5Sid1X1T1pJAjsXcE3rA==}
    cpu: [x64]
    os: [darwin]

  '@rspack/binding-linux-arm64-gnu@2.0.6':
    resolution: {integrity: sha512-H6ACzeM1KBxYDEF8YAim3501Jb1aCsSG79Gjm1M4pwJ5OJPK2ydiJEa438ugXmh0962eKYMHI2yZY0sQq8txaw==}
    cpu: [arm64]
    os: [linux]
    libc: [glibc]

  '@rspack/binding-linux-arm64-musl@2.0.6':
    resolution: {integrity: sha512-QTFmBg0n+L397Wi8CIjbd5pe/hxpHnqCDaG1A7e2NWX8Fj9zulAoKLiKflQa1ELEhAY4Foq88aX75+Ilt2tHcw==}
    cpu: [arm64]
    os: [linux]
    libc: [musl]

  '@rspack/binding-linux-x64-gnu@2.0.6':
    resolution: {integrity: sha512-rerCAz022zf0ewxI+7n3SrqLEaxCL+MXRxKjK5FLUGFa8UkIrivq+VUP/1OB6JLh2Bucebc7Y9WoWHvtk22mLA==}
    cpu: [x64]
    os: [linux]
    libc: [glibc]

  '@rspack/binding-linux-x64-musl@2.0.6':
    resolution: {integrity: sha512-96IgOFXQjX6Wbxd+DCYJFy2r/VMu1OoHifW4Cr3kGTYDKoQOIMLwb0ieu/ILp2dGWFMZo5S8odiByAmNICAOIA==}
    cpu: [x64]
    os: [linux]
    libc: [musl]

  '@rspack/binding-wasm32-wasi@2.0.6':
    resolution: {integrity: sha512-0aWiF+qmdb0csp1x+MaR2o1pscoquLaEbLTVdKjmoTRs6sguMemtB1ObnVTahAUL73P66WePuNpFAJ81zNdqzQ==}
    cpu: [wasm32]

  '@rspack/binding-win32-arm64-msvc@2.0.6':
    resolution: {integrity: sha512-BX638A1MXsjc2E3tUskVh3X/WBIHjLKK+lo395v7MmEL9u2BA6l3F6RyW+YaJOt5aEOOv83iA7iCZsviVZ49Uw==}
    cpu: [arm64]
    os: [win32]

  '@rspack/binding-win32-ia32-msvc@2.0.6':
    resolution: {integrity: sha512-DCK/+MlN35uvH7tp4j0hbg8wIs9MHArMIrNZXtiD8xP6DNw2wrXcGC1VaxxR5apyWpqXAfIL/KsXBiWS3ygCvg==}
    cpu: [ia32]
    os: [win32]

  '@rspack/binding-win32-x64-msvc@2.0.6':
    resolution: {integrity: sha512-TxutgzdEX9BkAU/5liKxdQmggJ23INz7EZDWtzSJO6C2SiSYzTJdyPQDIJi1ddkM5TX/drzH184gAJMVOQefng==}
    cpu: [x64]
    os: [win32]

  '@rspack/binding@2.0.6':
    resolution: {integrity: sha512-z5EO9mPlmYNpHAlRGub0Chr6D+Klgy+tX36n7tCm7VRGRlwTmTU9wSENrYbHcCpFbegtrE0s30rDeTBeOu+JiQ==}

  '@rspack/cli@2.0.6':
    resolution: {integrity: sha512-WLyep+aWGhGnj6lMaxzb78FbzlCqfZhc9fERFIqpx8SygH4M6ZR6wDxsh9AfAJxfMJT/aQ3JIbT/eg9I0AAeyg==}
    hasBin: true
    peerDependencies:
      '@rspack/core': ^2.0.0-0
      '@rspack/dev-server': ^2.0.0-0
    peerDependenciesMeta:
      '@rspack/dev-server':
        optional: true

  '@rspack/core@2.0.6':
    resolution: {integrity: sha512-ronRqH1T2dYdMFVOQbGvDNxYaLugQK8qhNYYtS2DbOvPKQYvdIYWDenL9k/WV+hLoknnPWMn2ME2cKJcK3Po+g==}
    engines: {node: ^20.19.0 || >=22.12.0}
    peerDependencies:
      '@module-federation/runtime-tools': ^0.24.1 || ^2.0.0
      '@swc/helpers': ^0.5.23
    peerDependenciesMeta:
      '@module-federation/runtime-tools':
        optional: true
      '@swc/helpers':
        optional: true

  '@swc/helpers@0.5.23':
    resolution: {integrity: sha512-5lSsMOTXURePglDfvuAQUqkGek9Hg2kksOYay2m0+XR++b2NWYL/4sWyuvVBIs8oKnJaxkdi9whaL/sqN13afw==}

  '@tybys/wasm-util@0.10.2':
    resolution: {integrity: sha512-RoBvJ2X0wuKlWFIjrwffGw1IqZHKQqzIchKaadZZfnNpsAYp2mM0h36JtPCjNDAHGgYez/15uMBpfGwchhiMgg==}

  chokidar@5.0.0:
    resolution: {integrity: sha512-TQMmc3w+5AxjpL8iIiwebF73dRDF4fBIieAqGn9RGCWaEVwQ6Fb2cGe31Yns0RRIzii5goJ1Y7xbMwo1TxMplw==}
    engines: {node: '>= 20.19.0'}

  colorjs.io@0.5.2:
    resolution: {integrity: sha512-twmVoizEW7ylZSN32OgKdXRmo1qg+wT5/6C3xu5b9QsWzSFAhHLn2xd8ro0diCsKfCj1RdaTP/nrcW+vAoQPIw==}

  detect-libc@2.1.2:
    resolution: {integrity: sha512-Btj2BOOO83o3WyH59e8MgXsxEQVcarkUOpEYrubB0urwnN10yQ364rsiByU11nZlqWYZm05i/of7io4mzihBtQ==}
    engines: {node: '>=8'}

  has-flag@4.0.0:
    resolution: {integrity: sha512-EykJT/Q1KjTWctppgIAgfSO0tKVuZUjhgMr17kqTumMl6Afv3EISleU7qZUzoXDFTAHTDC4NOoG/ZxU3EvlMPQ==}
    engines: {node: '>=8'}

  immutable@5.1.6:
    resolution: {integrity: sha512-q1swsS8K7L8usSHuOqF2TAoCCkonYz0SG38wLAggaa4Wml70zixIvt2ql4coQ2C2B3hTjltJry4r6bULwgAXLQ==}

  is-extglob@2.1.1:
    resolution: {integrity: sha512-SbKbANkN603Vi4jEZv49LeVJMn4yGwsbzZworEoyEiutsN3nJYdbO36zfhGJ6QEDpOZIFkDtnq5JRxmvl3jsoQ==}
    engines: {node: '>=0.10.0'}

  is-glob@4.0.3:
    resolution: {integrity: sha512-xelSayHH36ZgE7ZWhli7pW34hNbNl8Ojv5KVmkJD4hBdD3th8Tfk9vYasLM+mXWOZhFkgZfxhLSnrwRr4elSSg==}
    engines: {node: '>=0.10.0'}

  node-addon-api@7.1.1:
    resolution: {integrity: sha512-5m3bsyrjFWE1xf7nz7YXdN4udnVtXK6/Yfgn5qnahL6bCkf2yKt4k3nuTKAtT4r3IG8JNR2ncsIMdZuAzJjHQQ==}

  picomatch@4.0.4:
    resolution: {integrity: sha512-QP88BAKvMam/3NxH6vj2o21R6MjxZUAd6nlwAS/pnGvN9IVLocLHxGYIzFhg6fUQ+5th6P4dv4eW9jX3DSIj7A==}
    engines: {node: '>=12'}

  prettier@3.8.3:
    resolution: {integrity: sha512-7igPTM53cGHMW8xWuVTydi2KO233VFiTNyF5hLJqpilHfmn8C8gPf+PS7dUT64YcXFbiMGZxS9pCSxL/Dxm/Jw==}
    engines: {node: '>=14'}
    hasBin: true

  readdirp@5.0.0:
    resolution: {integrity: sha512-9u/XQ1pvrQtYyMpZe7DXKv2p5CNvyVwzUB6uhLAnQwHMSgKMBR62lc7AHljaeteeHXn11XTAaLLUVZYVZyuRBQ==}
    engines: {node: '>= 20.19.0'}

  rxjs@7.8.2:
    resolution: {integrity: sha512-dhKf903U/PQZY6boNNtAGdWbG85WAbjT/1xYoZIC7FAY0yWapOBQVsVrDl58W86//e1VpMNBtRV4MaXfdMySFA==}

  sass-embedded-all-unknown@1.100.0:
    resolution: {integrity: sha512-auFtXY/kwYILmSVjtBDwyj0axcLbYYiffOKWoaXHnI5bsYwiRbBh3EneR1rpbX2ZIZCrwX93i5pxKLTZF/662Q==}
    cpu: ['!arm', '!arm64', '!riscv64', '!x64']

  sass-embedded-android-arm64@1.100.0:
    resolution: {integrity: sha512-W+Ru9JwTnfU0UX3jSZcbqFdtKFMcYdfFwytc57h2DgnqCOIiAqI2E06mABZBZC+r3LwXCBuS5GbXAGeVgvVDkA==}
    engines: {node: '>=14.0.0'}
    cpu: [arm64]
    os: [android]

  sass-embedded-android-arm@1.100.0:
    resolution: {integrity: sha512-70f3HgX2pFNmzpGQ86n5e6QfWn2fP4QUQGfFQK0P1XH73ZLIzLo2YqygrGKGKeeqtc5eU2Wl1/xQzhzuKnO4kw==}
    engines: {node: '>=14.0.0'}
    cpu: [arm]
    os: [android]

  sass-embedded-android-riscv64@1.100.0:
    resolution: {integrity: sha512-icU3o0V/uCSytSpf+tX5Lf51BvyQEbLzDUJfUi9etSauYBGHpPKkdtdZH0si4v98phq11Kl8rSV1SggksxF1Hg==}
    engines: {node: '>=14.0.0'}
    cpu: [riscv64]
    os: [android]

  sass-embedded-android-x64@1.100.0:
    resolution: {integrity: sha512-mevF9VQk6gEYByy8+jusaHGmd7Usb2ytX/DsEOd0JtOGCtcf1kh575xJ6OUBDIcJ15uLnbau/0iy1eP6WVBvWA==}
    engines: {node: '>=14.0.0'}
    cpu: [x64]
    os: [android]

  sass-embedded-darwin-arm64@1.100.0:
    resolution: {integrity: sha512-1PVlYi61POo93IT/FfrG1mc1tAHxeSTyUALF2aOFmXGWjVXr3bQzEQiBGCOvQbj/ix+5hNyXFXcEMEyKvtUJJA==}
    engines: {node: '>=14.0.0'}
    cpu: [arm64]
    os: [darwin]

  sass-embedded-darwin-x64@1.100.0:
    resolution: {integrity: sha512-x97o3JnGyImZNCIVs9wQHJUE5QCvmVIKaH1cwrz/5dK7OT1FpeNiW+u9TUomP9hG6Ekjd8EL8NBHpxTfIhdjmg==}
    engines: {node: '>=14.0.0'}
    cpu: [x64]
    os: [darwin]

  sass-embedded-linux-arm64@1.100.0:
    resolution: {integrity: sha512-Dwjmj8Z6VRy7rAi53JAdEwIyUjpfl7PhpSc2/LpQPQx+aO5Dp7Spaipkax0ufJl1SoDUdchCsM4y/88YaluorQ==}
    engines: {node: '>=14.0.0'}
    cpu: [arm64]
    os: [linux]
    libc: glibc

  sass-embedded-linux-arm@1.100.0:
    resolution: {integrity: sha512-9Ul7O1eKrc5YlhwWjkp8tZPSe3UEwSZ1uwUZOQom1HL0pRlBA6F/IlGZYFTLwnHMIP1fc77MMNaBRfc05mKMpw==}
    engines: {node: '>=14.0.0'}
    cpu: [arm]
    os: [linux]
    libc: glibc

  sass-embedded-linux-musl-arm64@1.100.0:
    resolution: {integrity: sha512-XpACJB2KjSLjf2e9uuvGVdOURsoNrFqgRiihhXyUHK9W0t3LIHb7z5MA/7XGPIT9bWSOO2zyw+rH/FHtDV/Yrg==}
    engines: {node: '>=14.0.0'}
    cpu: [arm64]
    os: [linux]
    libc: musl

  sass-embedded-linux-musl-arm@1.100.0:
    resolution: {integrity: sha512-sl0JgbGloPyJg66XXx5UDSDScZ0oU85DpMQU4JU/sCUCFj1Z8zZ69SJWKTCNE4/jwnce7WI2zPCV5AG+RHOZJw==}
    engines: {node: '>=14.0.0'}
    cpu: [arm]
    os: [linux]
    libc: musl

  sass-embedded-linux-musl-riscv64@1.100.0:
    resolution: {integrity: sha512-ShvI0Kx04mwoCARwZ0UjiT97isQvzO80tAt91zmFyHLN9kelc/IrQi940farSm2xQVPCKdeVyeG0ekBsokSpYQ==}
    engines: {node: '>=14.0.0'}
    cpu: [riscv64]
    os: [linux]
    libc: musl

  sass-embedded-linux-musl-x64@1.100.0:
    resolution: {integrity: sha512-TDBCRWNuS4RDLQXvRc1gjZlWiWTWaWGp0Bwu/IKwJxov81lsvrCs3TihTyNXtW7V5aoN4Ky3r0QOkNb3mwmBnA==}
    engines: {node: '>=14.0.0'}
    cpu: [x64]
    os: [linux]
    libc: musl

  sass-embedded-linux-riscv64@1.100.0:
    resolution: {integrity: sha512-j4ENJGOheO+fm3j/yorLxCjBP6/XskrZx7dTLlT+lXYwN/qqCqoA/gsNLI0McS3DFM6GBwPiffzWsdWS8t6sEQ==}
    engines: {node: '>=14.0.0'}
    cpu: [riscv64]
    os: [linux]
    libc: glibc

  sass-embedded-linux-x64@1.100.0:
    resolution: {integrity: sha512-0vUSN8j0WGtCJIOPh//EmUvYGHW0QOe5iul8qyhPk50MAcw49MA0r34AhftjDdx94ILPF6vApFs0gwHPQRlpVA==}
    engines: {node: '>=14.0.0'}
    cpu: [x64]
    os: [linux]
    libc: glibc

  sass-embedded-unknown-all@1.100.0:
    resolution: {integrity: sha512-c+naBgWId4MIpToXcI0DgqetjdAkwTTAxFAuOaBz7HUXLdyG1oZRrEvSsbe41nEdQOKH0vgofVFCeSQgoXOG9A==}
    os: ['!android', '!darwin', '!linux', '!win32']

  sass-embedded-win32-arm64@1.100.0:
    resolution: {integrity: sha512-iE+yxj+hUXwwbqpHkXxgAWTzeRfcWxJ7SSTQEPMk48lwq3oCrWLlz5sQuWHbuTK/i0GKQfROdP+hOmPi89yjUg==}
    engines: {node: '>=14.0.0'}
    cpu: [arm64]
    os: [win32]

  sass-embedded-win32-x64@1.100.0:
    resolution: {integrity: sha512-qI4F8MI7/KYoy9NdjJfhSspG42WPkADSNDvwEV7qWvCSFC83koJssRsKO2/PfY+niZz6BG65Ic/D+A11h959hw==}
    engines: {node: '>=14.0.0'}
    cpu: [x64]
    os: [win32]

  sass-embedded@1.100.0:
    resolution: {integrity: sha512-Ut8wlQSk19tm7jMK6mz6cF1+e+E7tUnW2tM02zQDPnOTcVbV8qCQG8UWxZkkNlY50+hV3hqP24OOkUlMz8xBpw==}
    engines: {node: '>=16.0.0'}
    hasBin: true

  sass-loader@17.0.0:
    resolution: {integrity: sha512-0Ybm8ohBQ9LcrycVrFQp/KQBNX5a3Wda9/smS0mE/xLffzEnwvV8nykOzrbiSWNzTE3IB/jiXx8O4QmDPG2+Gw==}
    engines: {node: '>= 22.11.0'}
    peerDependencies:
      '@rspack/core': 0.x || ^1.0.0 || ^2.0.0-0
      sass: ^1.3.0
      sass-embedded: '*'
      webpack: ^5.0.0
    peerDependenciesMeta:
      '@rspack/core':
        optional: true
      sass:
        optional: true
      sass-embedded:
        optional: true
      webpack:
        optional: true

  sass@1.100.0:
    resolution: {integrity: sha512-B5j0rYMlinhhOo9tjQebMVVn0TfyXAF+wB3b2ggZUuJ/is/Y+7+JGjirAMxHZ9Z3hIP98NPfamlAkBHa1lAaXQ==}
    engines: {node: '>=20.19.0'}
    hasBin: true

  source-map-js@1.2.1:
    resolution: {integrity: sha512-UXWMKhLOwVKb728IUtQPXxfYU+usdybtUrK/8uGE8CQMvrhOpwvzDBwj0QhSL7MQc7vIsISBG8VQ8+IDQxpfQA==}
    engines: {node: '>=0.10.0'}

  supports-color@8.1.1:
    resolution: {integrity: sha512-MpUEN2OodtUzxvKQl72cUF7RQ5EiHsGvSsVG0ia9c5RbWGL2CI4C7EpPS8UTBIplnlzZiNuV56w+FuNxy3ty2Q==}
    engines: {node: '>=10'}

  sync-child-process@1.0.2:
    resolution: {integrity: sha512-8lD+t2KrrScJ/7KXCSyfhT3/hRq78rC0wBFqNJXv3mZyn6hW2ypM05JmlSvtqRbeq6jqA94oHbxAr2vYsJ8vDA==}
    engines: {node: '>=16.0.0'}

  sync-message-port@1.2.0:
    resolution: {integrity: sha512-gAQ9qrUN/UCypHtGFbbe7Rc/f9bzO88IwrG8TDo/aMKAApKyD6E3W4Cm0EfhfBb6Z6SKt59tTCTfD+n1xmAvMg==}
    engines: {node: '>=16.0.0'}

  tslib@2.8.1:
    resolution: {integrity: sha512-oJFu94HQb+KVduSUQL7wnpmqnfmLsOA/nAh6b6EH0wCEoK0/mPeXU6c3wKDV83MkOuHPRHtSXKKU99IBazS/2w==}

  varint@6.0.0:
    resolution: {integrity: sha512-cXEIW6cfr15lFv563k4GuVuW/fiwjknytD37jIOLSdSWuOI6WnO/oKwmP2FQTU2l01LP8/M5TSAJpzUaGe3uWg==}

snapshots:

  '@bufbuild/protobuf@2.12.0': {}

  '@emnapi/core@1.10.0':
    dependencies:
      '@emnapi/wasi-threads': 1.2.1
      tslib: 2.8.1
    optional: true

  '@emnapi/runtime@1.10.0':
    dependencies:
      tslib: 2.8.1
    optional: true

  '@emnapi/wasi-threads@1.2.1':
    dependencies:
      tslib: 2.8.1
    optional: true

  '@napi-rs/wasm-runtime@1.1.4(@emnapi/core@1.10.0)(@emnapi/runtime@1.10.0)':
    dependencies:
      '@emnapi/core': 1.10.0
      '@emnapi/runtime': 1.10.0
      '@tybys/wasm-util': 0.10.2
    optional: true

  '@parcel/watcher-android-arm64@2.5.6':
    optional: true

  '@parcel/watcher-darwin-arm64@2.5.6':
    optional: true

  '@parcel/watcher-darwin-x64@2.5.6':
    optional: true

  '@parcel/watcher-freebsd-x64@2.5.6':
    optional: true

  '@parcel/watcher-linux-arm-glibc@2.5.6':
    optional: true

  '@parcel/watcher-linux-arm-musl@2.5.6':
    optional: true

  '@parcel/watcher-linux-arm64-glibc@2.5.6':
    optional: true

  '@parcel/watcher-linux-arm64-musl@2.5.6':
    optional: true

  '@parcel/watcher-linux-x64-glibc@2.5.6':
    optional: true

  '@parcel/watcher-linux-x64-musl@2.5.6':
    optional: true

  '@parcel/watcher-win32-arm64@2.5.6':
    optional: true

  '@parcel/watcher-win32-ia32@2.5.6':
    optional: true

  '@parcel/watcher-win32-x64@2.5.6':
    optional: true

  '@parcel/watcher@2.5.6':
    dependencies:
      detect-libc: 2.1.2
      is-glob: 4.0.3
      node-addon-api: 7.1.1
      picomatch: 4.0.4
    optionalDependencies:
      '@parcel/watcher-android-arm64': 2.5.6
      '@parcel/watcher-darwin-arm64': 2.5.6
      '@parcel/watcher-darwin-x64': 2.5.6
      '@parcel/watcher-freebsd-x64': 2.5.6
      '@parcel/watcher-linux-arm-glibc': 2.5.6
      '@parcel/watcher-linux-arm-musl': 2.5.6
      '@parcel/watcher-linux-arm64-glibc': 2.5.6
      '@parcel/watcher-linux-arm64-musl': 2.5.6
      '@parcel/watcher-linux-x64-glibc': 2.5.6
      '@parcel/watcher-linux-x64-musl': 2.5.6
      '@parcel/watcher-win32-arm64': 2.5.6
      '@parcel/watcher-win32-ia32': 2.5.6
      '@parcel/watcher-win32-x64': 2.5.6
    optional: true

  '@rspack/binding-darwin-arm64@2.0.6':
    optional: true

  '@rspack/binding-darwin-x64@2.0.6':
    optional: true

  '@rspack/binding-linux-arm64-gnu@2.0.6':
    optional: true

  '@rspack/binding-linux-arm64-musl@2.0.6':
    optional: true

  '@rspack/binding-linux-x64-gnu@2.0.6':
    optional: true

  '@rspack/binding-linux-x64-musl@2.0.6':
    optional: true

  '@rspack/binding-wasm32-wasi@2.0.6':
    dependencies:
      '@emnapi/core': 1.10.0
      '@emnapi/runtime': 1.10.0
      '@napi-rs/wasm-runtime': 1.1.4(@emnapi/core@1.10.0)(@emnapi/runtime@1.10.0)
    optional: true

  '@rspack/binding-win32-arm64-msvc@2.0.6':
    optional: true

  '@rspack/binding-win32-ia32-msvc@2.0.6':
    optional: true

  '@rspack/binding-win32-x64-msvc@2.0.6':
    optional: true

  '@rspack/binding@2.0.6':
    optionalDependencies:
      '@rspack/binding-darwin-arm64': 2.0.6
      '@rspack/binding-darwin-x64': 2.0.6
      '@rspack/binding-linux-arm64-gnu': 2.0.6
      '@rspack/binding-linux-arm64-musl': 2.0.6
      '@rspack/binding-linux-x64-gnu': 2.0.6
      '@rspack/binding-linux-x64-musl': 2.0.6
      '@rspack/binding-wasm32-wasi': 2.0.6
      '@rspack/binding-win32-arm64-msvc': 2.0.6
      '@rspack/binding-win32-ia32-msvc': 2.0.6
      '@rspack/binding-win32-x64-msvc': 2.0.6

  '@rspack/cli@2.0.6(@rspack/core@2.0.6(@swc/helpers@0.5.23))':
    dependencies:
      '@rspack/core': 2.0.6(@swc/helpers@0.5.23)

  '@rspack/core@2.0.6(@swc/helpers@0.5.23)':
    dependencies:
      '@rspack/binding': 2.0.6
    optionalDependencies:
      '@swc/helpers': 0.5.23

  '@swc/helpers@0.5.23':
    dependencies:
      tslib: 2.8.1
    optional: true

  '@tybys/wasm-util@0.10.2':
    dependencies:
      tslib: 2.8.1
    optional: true

  chokidar@5.0.0:
    dependencies:
      readdirp: 5.0.0
    optional: true

  colorjs.io@0.5.2: {}

  detect-libc@2.1.2:
    optional: true

  has-flag@4.0.0: {}

  immutable@5.1.6: {}

  is-extglob@2.1.1:
    optional: true

  is-glob@4.0.3:
    dependencies:
      is-extglob: 2.1.1
    optional: true

  node-addon-api@7.1.1:
    optional: true

  picomatch@4.0.4:
    optional: true

  prettier@3.8.3: {}

  readdirp@5.0.0:
    optional: true

  rxjs@7.8.2:
    dependencies:
      tslib: 2.8.1

  sass-embedded-all-unknown@1.100.0:
    dependencies:
      sass: 1.100.0
    optional: true

  sass-embedded-android-arm64@1.100.0:
    optional: true

  sass-embedded-android-arm@1.100.0:
    optional: true

  sass-embedded-android-riscv64@1.100.0:
    optional: true

  sass-embedded-android-x64@1.100.0:
    optional: true

  sass-embedded-darwin-arm64@1.100.0:
    optional: true

  sass-embedded-darwin-x64@1.100.0:
    optional: true

  sass-embedded-linux-arm64@1.100.0:
    optional: true

  sass-embedded-linux-arm@1.100.0:
    optional: true

  sass-embedded-linux-musl-arm64@1.100.0:
    optional: true

  sass-embedded-linux-musl-arm@1.100.0:
    optional: true

  sass-embedded-linux-musl-riscv64@1.100.0:
    optional: true

  sass-embedded-linux-musl-x64@1.100.0:
    optional: true

  sass-embedded-linux-riscv64@1.100.0:
    optional: true

  sass-embedded-linux-x64@1.100.0:
    optional: true

  sass-embedded-unknown-all@1.100.0:
    dependencies:
      sass: 1.100.0
    optional: true

  sass-embedded-win32-arm64@1.100.0:
    optional: true

  sass-embedded-win32-x64@1.100.0:
    optional: true

  sass-embedded@1.100.0:
    dependencies:
      '@bufbuild/protobuf': 2.12.0
      colorjs.io: 0.5.2
      immutable: 5.1.6
      rxjs: 7.8.2
      supports-color: 8.1.1
      sync-child-process: 1.0.2
      varint: 6.0.0
    optionalDependencies:
      sass-embedded-all-unknown: 1.100.0
      sass-embedded-android-arm: 1.100.0
      sass-embedded-android-arm64: 1.100.0
      sass-embedded-android-riscv64: 1.100.0
      sass-embedded-android-x64: 1.100.0
      sass-embedded-darwin-arm64: 1.100.0
      sass-embedded-darwin-x64: 1.100.0
      sass-embedded-linux-arm: 1.100.0
      sass-embedded-linux-arm64: 1.100.0
      sass-embedded-linux-musl-arm: 1.100.0
      sass-embedded-linux-musl-arm64: 1.100.0
      sass-embedded-linux-musl-riscv64: 1.100.0
      sass-embedded-linux-musl-x64: 1.100.0
      sass-embedded-linux-riscv64: 1.100.0
      sass-embedded-linux-x64: 1.100.0
      sass-embedded-unknown-all: 1.100.0
      sass-embedded-win32-arm64: 1.100.0
      sass-embedded-win32-x64: 1.100.0

  sass-loader@17.0.0(@rspack/core@2.0.6(@swc/helpers@0.5.23))(sass-embedded@1.100.0)(sass@1.100.0):
    optionalDependencies:
      '@rspack/core': 2.0.6(@swc/helpers@0.5.23)
      sass: 1.100.0
      sass-embedded: 1.100.0

  sass@1.100.0:
    dependencies:
      chokidar: 5.0.0
      immutable: 5.1.6
      source-map-js: 1.2.1
    optionalDependencies:
      '@parcel/watcher': 2.5.6
    optional: true

  source-map-js@1.2.1:
    optional: true

  supports-color@8.1.1:
    dependencies:
      has-flag: 4.0.0

  sync-child-process@1.0.2:
    dependencies:
      sync-message-port: 1.2.0

  sync-message-port@1.2.0: {}

  tslib@2.8.1: {}

  varint@6.0.0: {}
